
Microsoft Visual Studio Solution File, Format Version 12.00
# Visual Studio 15
VisualStudioVersion = 15.0.33026.149
MinimumVisualStudioVersion = 10.0.40219.1
Project("{FAE04EC0-301F-11D3-BF4B-00C04F79EFBC}") = "CnCGenerals2EMU", "CnCGenerals2EMU\CnCGenerals2EMU.csproj", "{24F474B1-7A42-445E-8195-7BE36DAD13B1}"
EndProject
Project("{FAE04EC0-301F-11D3-BF4B-00C04F79EFBC}") = "BlazeLibWV", "BlazeLibWV\BlazeLibWV.csproj", "{7CE2BF11-C78D-49AB-A37A-538D2D0E0418}"
EndProject
Project("{FAE04EC0-301F-11D3-BF4B-00C04F79EFBC}") = "BlazeSharkWV", "BlazeSharkWV\BlazeSharkWV.csproj", "{E774C256-9575-4229-A758-24BFA35EC03B}"
EndProject
Global
	GlobalSection(SolutionConfigurationPlatforms) = preSolution
		Debug|Any CPU = Debug|Any CPU
		Release|Any CPU = Release|Any CPU
	EndGlobalSection
	GlobalSection(ProjectConfigurationPlatforms) = postSolution
		{24F474B1-7A42-445E-8195-7BE36DAD13B1}.Debug|Any CPU.ActiveCfg = Debug|Any CPU
		{24F474B1-7A42-445E-8195-7BE36DAD13B1}.Debug|Any CPU.Build.0 = Debug|Any CPU
		{24F474B1-7A42-445E-8195-7BE36DAD13B1}.Release|Any CPU.ActiveCfg = Release|Any CPU
		{24F474B1-7A42-445E-8195-7BE36DAD13B1}.Release|Any CPU.Build.0 = Release|Any CPU
		{7CE2BF11-C78D-49AB-A37A-538D2D0E0418}.Debug|Any CPU.ActiveCfg = Debug|Any CPU
		{7CE2BF11-C78D-49AB-A37A-538D2D0E0418}.Debug|Any CPU.Build.0 = Debug|Any CPU
		{7CE2BF11-C78D-49AB-A37A-538D2D0E0418}.Release|Any CPU.ActiveCfg = Release|Any CPU
		{7CE2BF11-C78D-49AB-A37A-538D2D0E0418}.Release|Any CPU.Build.0 = Release|Any CPU
		{E774C256-9575-4229-A758-24BFA35EC03B}.Debug|Any CPU.ActiveCfg = Debug|Any CPU
		{E774C256-9575-4229-A758-24BFA35EC03B}.Debug|Any CPU.Build.0 = Debug|Any CPU
		{E774C256-9575-4229-A758-24BFA35EC03B}.Release|Any CPU.ActiveCfg = Release|Any CPU
		{E774C256-9575-4229-A758-24BFA35EC03B}.Release|Any CPU.Build.0 = Release|Any CPU
	EndGlobalSection
	GlobalSection(SolutionProperties) = preSolution
		HideSolutionNode = FALSE
	EndGlobalSection
	GlobalSection(ExtensibilityGlobals) = postSolution
		SolutionGuid = {0E6A610A-56A6-4C33-AAA0-9BF22DE8A23C}
	EndGlobalSection
EndGlobal
